
Microsoft Visual Studio Solution File, Format Version 12.00
# Visual Studio 14
VisualStudioVersion = 14.0.25123.0
MinimumVisualStudioVersion = 10.0.40219.1
Project("{2150E333-8FDC-42A3-9474-1A3956D46DE8}") = "src", "src", "{9E5BDBD4-B484-4AC9-B294-076B1FC694A9}"
EndProject
Project("{2150E333-8FDC-42A3-9474-1A3956D46DE8}") = "Solution Items", "Solution Items", "{24062469-430D-4AE3-ACE3-72B7DEB2DF7D}"
	ProjectSection(SolutionItems) = preProject
		global.json = global.json
	EndProjectSection
EndProject
Project("{8BB2217D-0F2D-49D1-97BC-3654ED321F3B}") = "Angular2DotNet", "src\Angular2DotNet\Angular2DotNet.xproj", "{F0C4CB40-EB66-422A-9E62-A752602BE140}"
EndProject
Global
	GlobalSection(SolutionConfigurationPlatforms) = preSolution
		Debug|Any CPU = Debug|Any CPU
		Release|Any CPU = Release|Any CPU
	EndGlobalSection
	GlobalSection(ProjectConfigurationPlatforms) = postSolution
		{F0C4CB40-EB66-422A-9E62-A752602BE140}.Debug|Any CPU.ActiveCfg = Debug|Any CPU
		{F0C4CB40-EB66-422A-9E62-A752602BE140}.Debug|Any CPU.Build.0 = Debug|Any CPU
		{F0C4CB40-EB66-422A-9E62-A752602BE140}.Release|Any CPU.ActiveCfg = Release|Any CPU
		{F0C4CB40-EB66-422A-9E62-A752602BE140}.Release|Any CPU.Build.0 = Release|Any CPU
	EndGlobalSection
	GlobalSection(SolutionProperties) = preSolution
		HideSolutionNode = FALSE
	EndGlobalSection
	GlobalSection(NestedProjects) = preSolution
		{F0C4CB40-EB66-422A-9E62-A752602BE140} = {9E5BDBD4-B484-4AC9-B294-076B1FC694A9}
	EndGlobalSection
EndGlobal
